
Microsoft Visual Studio Solution File, Format Version 12.00
# Visual Studio Version 16
VisualStudioVersion = 16.0.30907.101
MinimumVisualStudioVersion = 10.0.40219.1
Project("{FAE04EC0-301F-11D3-BF4B-00C04F79EFBC}") = "GradeBook", "GradeBook\GradeBook.csproj", "{4033C8A5-7E02-47D0-B3D3-4FCA99B7E400}"
EndProject
Project("{FAE04EC0-301F-11D3-BF4B-00C04F79EFBC}") = "GradeBook.Tests", "GradeBook.Tests\GradeBook.Tests.csproj", "{B8D612A8-D6E4-441C-B65A-733D994E33B0}"
EndProject
Global
	GlobalSection(SolutionConfigurationPlatforms) = preSolution
		Debug|Any CPU = Debug|Any CPU
		Release|Any CPU = Release|Any CPU
	EndGlobalSection
	GlobalSection(ProjectConfigurationPlatforms) = postSolution
		{4033C8A5-7E02-47D0-B3D3-4FCA99B7E400}.Debug|Any CPU.ActiveCfg = Debug|Any CPU
		{4033C8A5-7E02-47D0-B3D3-4FCA99B7E400}.Debug|Any CPU.Build.0 = Debug|Any CPU
		{4033C8A5-7E02-47D0-B3D3-4FCA99B7E400}.Release|Any CPU.ActiveCfg = Release|Any CPU
		{4033C8A5-7E02-47D0-B3D3-4FCA99B7E400}.Release|Any CPU.Build.0 = Release|Any CPU
		{B8D612A8-D6E4-441C-B65A-733D994E33B0}.Debug|Any CPU.ActiveCfg = Debug|Any CPU
		{B8D612A8-D6E4-441C-B65A-733D994E33B0}.Debug|Any CPU.Build.0 = Debug|Any CPU
		{B8D612A8-D6E4-441C-B65A-733D994E33B0}.Release|Any CPU.ActiveCfg = Release|Any CPU
		{B8D612A8-D6E4-441C-B65A-733D994E33B0}.Release|Any CPU.Build.0 = Release|Any CPU
	EndGlobalSection
	GlobalSection(SolutionProperties) = preSolution
		HideSolutionNode = FALSE
	EndGlobalSection
	GlobalSection(ExtensibilityGlobals) = postSolution
		SolutionGuid = {3DB2A861-E657-4733-9AB3-F02A538ACF72}
	EndGlobalSection
EndGlobal
